// !$*UTF8*$!
{
	archiveVersion = 1;
	classes = {
	};
	objectVersion = 46;
	objects = {

/* Begin PBXBuildFile section */
		DC5296BE180E214E0002E1BF /* UIKit.framework in Frameworks */ = {isa = PBXBuildFile; fileRef = DC5296BD180E214E0002E1BF /* UIKit.framework */; };
		DC5296C0180E214E0002E1BF /* Foundation.framework in Frameworks */ = {isa = PBXBuildFile; fileRef = DC5296BF180E214E0002E1BF /* Foundation.framework */; };
		DC5296C2180E214E0002E1BF /* CoreGraphics.framework in Frameworks */ = {isa = PBXBuildFile; fileRef = DC5296C1180E214E0002E1BF /* CoreGraphics.framework */; };
		DC5296C4180E214E0002E1BF /* CoreData.framework in Frameworks */ = {isa = PBXBuildFile; fileRef = DC5296C3180E214E0002E1BF /* CoreData.framework */; };
		DC5296CA180E214E0002E1BF /* InfoPlist.strings in Resources */ = {isa = PBXBuildFile; fileRef = DC5296C8180E214E0002E1BF /* InfoPlist.strings */; };
		DC5296CC180E214E0002E1BF /* main.m in Sources */ = {isa = PBXBuildFile; fileRef = DC5296CB180E214E0002E1BF /* main.m */; };
		DC5296D0180E214E0002E1BF /* BWAppDelegate.m in Sources */ = {isa = PBXBuildFile; fileRef = DC5296CF180E214E0002E1BF /* BWAppDelegate.m */; };
		DC5296D2180E214E0002E1BF /* Default.png in Resources */ = {isa = PBXBuildFile; fileRef = DC5296D1180E214E0002E1BF /* Default.png */; };
		DC5296D4180E214E0002E1BF /* Default@2x.png in Resources */ = {isa = PBXBuildFile; fileRef = DC5296D3180E214E0002E1BF /* Default@2x.png */; };
		DC5296D6180E214E0002E1BF /* Default-568h@2x.png in Resources */ = {isa = PBXBuildFile; fileRef = DC5296D5180E214E0002E1BF /* Default-568h@2x.png */; };
		DC5296D9180E214E0002E1BF /* iStep.xcdatamodeld in Sources */ = {isa = PBXBuildFile; fileRef = DC5296D7180E214E0002E1BF /* iStep.xcdatamodeld */; };
		DC5296DC180E214E0002E1BF /* BWMainViewController.m in Sources */ = {isa = PBXBuildFile; fileRef = DC5296DB180E214E0002E1BF /* BWMainViewController.m */; };
		DC5296DF180E214E0002E1BF /* BWFlipsideViewController.m in Sources */ = {isa = PBXBuildFile; fileRef = DC5296DE180E214E0002E1BF /* BWFlipsideViewController.m */; };
		DC5296E2180E214E0002E1BF /* BWMainViewController.xib in Resources */ = {isa = PBXBuildFile; fileRef = DC5296E0180E214E0002E1BF /* BWMainViewController.xib */; };
		DC5296E5180E214E0002E1BF /* BWFlipsideViewController.xib in Resources */ = {isa = PBXBuildFile; fileRef = DC5296E3180E214E0002E1BF /* BWFlipsideViewController.xib */; };
		DC5296ED180E214E0002E1BF /* SenTestingKit.framework in Frameworks */ = {isa = PBXBuildFile; fileRef = DC5296EC180E214E0002E1BF /* SenTestingKit.framework */; };
		DC5296EE180E214E0002E1BF /* UIKit.framework in Frameworks */ = {isa = PBXBuildFile; fileRef = DC5296BD180E214E0002E1BF /* UIKit.framework */; };
		DC5296EF180E214E0002E1BF /* Foundation.framework in Frameworks */ = {isa = PBXBuildFile; fileRef = DC5296BF180E214E0002E1BF /* Foundation.framework */; };
		DC5296F0180E214E0002E1BF /* CoreData.framework in Frameworks */ = {isa = PBXBuildFile; fileRef = DC5296C3180E214E0002E1BF /* CoreData.framework */; };
		DC5296F8180E214E0002E1BF /* InfoPlist.strings in Resources */ = {isa = PBXBuildFile; fileRef = DC5296F6180E214E0002E1BF /* InfoPlist.strings */; };
		DC5296FB180E214E0002E1BF /* iStepTests.m in Sources */ = {isa = PBXBuildFile; fileRef = DC5296FA180E214E0002E1BF /* iStepTests.m */; };
/* End PBXBuildFile section */

/* Begin PBXContainerItemProxy section */
		DC5296F1180E214E0002E1BF /* PBXContainerItemProxy */ = {
			isa = PBXContainerItemProxy;
			containerPortal = DC5296B2180E214E0002E1BF /* Project object */;
			proxyType = 1;
			remoteGlobalIDString = DC5296B9180E214E0002E1BF;
			remoteInfo = iStep;
		};
/* End PBXContainerItemProxy section */

/* Begin PBXFileReference section */
		DC5296BA180E214E0002E1BF /* iStep.app */ = {isa = PBXFileReference; explicitFileType = wrapper.application; includeInIndex = 0; path = iStep.app; sourceTree = BUILT_PRODUCTS_DIR; };
		DC5296BD180E214E0002E1BF /* UIKit.framework */ = {isa = PBXFileReference; lastKnownFileType = wrapper.framework; name = UIKit.framework; path = System/Library/Frameworks/UIKit.framework; sourceTree = SDKROOT; };
		DC5296BF180E214E0002E1BF /* Foundation.framework */ = {isa = PBXFileReference; lastKnownFileType = wrapper.framework; name = Foundation.framework; path = System/Library/Frameworks/Foundation.framework; sourceTree = SDKROOT; };
		DC5296C1180E214E0002E1BF /* CoreGraphics.framework */ = {isa = PBXFileReference; lastKnownFileType = wrapper.framework; name = CoreGraphics.framework; path = System/Library/Frameworks/CoreGraphics.framework; sourceTree = SDKROOT; };
		DC5296C3180E214E0002E1BF /* CoreData.framework */ = {isa = PBXFileReference; lastKnownFileType = wrapper.framework; name = CoreData.framework; path = System/Library/Frameworks/CoreData.framework; sourceTree = SDKROOT; };
		DC5296C7180E214E0002E1BF /* iStep-Info.plist */ = {isa = PBXFileReference; lastKnownFileType = text.plist.xml; path = "iStep-Info.plist"; sourceTree = "<group>"; };
		DC5296C9180E214E0002E1BF /* en */ = {isa = PBXFileReference; lastKnownFileType = text.plist.strings; name = en; path = en.lproj/InfoPlist.strings; sourceTree = "<group>"; };
		DC5296CB180E214E0002E1BF /* main.m */ = {isa = PBXFileReference; lastKnownFileType = sourcecode.c.objc; path = main.m; sourceTree = "<group>"; };
		DC5296CD180E214E0002E1BF /* iStep-Prefix.pch */ = {isa = PBXFileReference; lastKnownFileType = sourcecode.c.h; path = "iStep-Prefix.pch"; sourceTree = "<group>"; };
		DC5296CE180E214E0002E1BF /* BWAppDelegate.h */ = {isa = PBXFileReference; lastKnownFileType = sourcecode.c.h; path = BWAppDelegate.h; sourceTree = "<group>"; };
		DC5296CF180E214E0002E1BF /* BWAppDelegate.m */ = {isa = PBXFileReference; lastKnownFileType = sourcecode.c.objc; path = BWAppDelegate.m; sourceTree = "<group>"; };
		DC5296D1180E214E0002E1BF /* Default.png */ = {isa = PBXFileReference; lastKnownFileType = image.png; path = Default.png; sourceTree = "<group>"; };
		DC5296D3180E214E0002E1BF /* Default@2x.png */ = {isa = PBXFileReference; lastKnownFileType = image.png; path = "Default@2x.png"; sourceTree = "<group>"; };
		DC5296D5180E214E0002E1BF /* Default-568h@2x.png */ = {isa = PBXFileReference; lastKnownFileType = image.png; path = "Default-568h@2x.png"; sourceTree = "<group>"; };
		DC5296D8180E214E0002E1BF /* iStep.xcdatamodel */ = {isa = PBXFileReference; lastKnownFileType = wrapper.xcdatamodel; path = iStep.xcdatamodel; sourceTree = "<group>"; };
		DC5296DA180E214E0002E1BF /* BWMainViewController.h */ = {isa = PBXFileReference; lastKnownFileType = sourcecode.c.h; path = BWMainViewController.h; sourceTree = "<group>"; };
		DC5296DB180E214E0002E1BF /* BWMainViewController.m */ = {isa = PBXFileReference; lastKnownFileType = sourcecode.c.objc; path = BWMainViewController.m; sourceTree = "<group>"; };
		DC5296DD180E214E0002E1BF /* BWFlipsideViewController.h */ = {isa = PBXFileReference; lastKnownFileType = sourcecode.c.h; path = BWFlipsideViewController.h; sourceTree = "<group>"; };
		DC5296DE180E214E0002E1BF /* BWFlipsideViewController.m */ = {isa = PBXFileReference; lastKnownFileType = sourcecode.c.objc; path = BWFlipsideViewController.m; sourceTree = "<group>"; };
		DC5296E1180E214E0002E1BF /* en */ = {isa = PBXFileReference; lastKnownFileType = file.xib; name = en; path = en.lproj/BWMainViewController.xib; sourceTree = "<group>"; };
		DC5296E4180E214E0002E1BF /* en */ = {isa = PBXFileReference; lastKnownFileType = file.xib; name = en; path = en.lproj/BWFlipsideViewController.xib; sourceTree = "<group>"; };
		DC5296EB180E214E0002E1BF /* iStepTests.octest */ = {isa = PBXFileReference; explicitFileType = wrapper.cfbundle; includeInIndex = 0; path = iStepTests.octest; sourceTree = BUILT_PRODUCTS_DIR; };
		DC5296EC180E214E0002E1BF /* SenTestingKit.framework */ = {isa = PBXFileReference; lastKnownFileType = wrapper.framework; name = SenTestingKit.framework; path = Library/Frameworks/SenTestingKit.framework; sourceTree = DEVELOPER_DIR; };
		DC5296F5180E214E0002E1BF /* iStepTests-Info.plist */ = {isa = PBXFileReference; lastKnownFileType = text.plist.xml; path = "iStepTests-Info.plist"; sourceTree = "<group>"; };
		DC5296F7180E214E0002E1BF /* en */ = {isa = PBXFileReference; lastKnownFileType = text.plist.strings; name = en; path = en.lproj/InfoPlist.strings; sourceTree = "<group>"; };
		DC5296F9180E214E0002E1BF /* iStepTests.h */ = {isa = PBXFileReference; lastKnownFileType = sourcecode.c.h; path = iStepTests.h; sourceTree = "<group>"; };
		DC5296FA180E214E0002E1BF /* iStepTests.m */ = {isa = PBXFileReference; lastKnownFileType = sourcecode.c.objc; path = iStepTests.m; sourceTree = "<group>"; };
/* End PBXFileReference section */

/* Begin PBXFrameworksBuildPhase section */
		DC5296B7180E214E0002E1BF /* Frameworks */ = {
			isa = PBXFrameworksBuildPhase;
			buildActionMask = 2147483647;
			files = (
				DC5296BE180E214E0002E1BF /* UIKit.framework in Frameworks */,
				DC5296C0180E214E0002E1BF /* Foundation.framework in Frameworks */,
				DC5296C2180E214E0002E1BF /* CoreGraphics.framework in Frameworks */,
				DC5296C4180E214E0002E1BF /* CoreData.framework in Frameworks */,
			);
			runOnlyForDeploymentPostprocessing = 0;
		};
		DC5296E7180E214E0002E1BF /* Frameworks */ = {
			isa = PBXFrameworksBuildPhase;
			buildActionMask = 2147483647;
			files = (
				DC5296ED180E214E0002E1BF /* SenTestingKit.framework in Frameworks */,
				DC5296EE180E214E0002E1BF /* UIKit.framework in Frameworks */,
				DC5296EF180E214E0002E1BF /* Foundation.framework in Frameworks */,
				DC5296F0180E214E0002E1BF /* CoreData.framework in Frameworks */,
			);
			runOnlyForDeploymentPostprocessing = 0;
		};
/* End PBXFrameworksBuildPhase section */

/* Begin PBXGroup section */
		DC5296B1180E214E0002E1BF = {
			isa = PBXGroup;
			children = (
				DC5296C5180E214E0002E1BF /* iStep */,
				DC5296F3180E214E0002E1BF /* iStepTests */,
				DC5296BC180E214E0002E1BF /* Frameworks */,
				DC5296BB180E214E0002E1BF /* Products */,
			);
			sourceTree = "<group>";
		};
		DC5296BB180E214E0002E1BF /* Products */ = {
			isa = PBXGroup;
			children = (
				DC5296BA180E214E0002E1BF /* iStep.app */,
				DC5296EB180E214E0002E1BF /* iStepTests.octest */,
			);
			name = Products;
			sourceTree = "<group>";
		};
		DC5296BC180E214E0002E1BF /* Frameworks */ = {
			isa = PBXGroup;
			children = (
				DC5296BD180E214E0002E1BF /* UIKit.framework */,
				DC5296BF180E214E0002E1BF /* Foundation.framework */,
				DC5296C1180E214E0002E1BF /* CoreGraphics.framework */,
				DC5296C3180E214E0002E1BF /* CoreData.framework */,
				DC5296EC180E214E0002E1BF /* SenTestingKit.framework */,
			);
			name = Frameworks;
			sourceTree = "<group>";
		};
		DC5296C5180E214E0002E1BF /* iStep */ = {
			isa = PBXGroup;
			children = (
				DC5296CE180E214E0002E1BF /* BWAppDelegate.h */,
				DC5296CF180E214E0002E1BF /* BWAppDelegate.m */,
				DC5296DA180E214E0002E1BF /* BWMainViewController.h */,
				DC5296DB180E214E0002E1BF /* BWMainViewController.m */,
				DC5296DD180E214E0002E1BF /* BWFlipsideViewController.h */,
				DC5296DE180E214E0002E1BF /* BWFlipsideViewController.m */,
				DC5296E0180E214E0002E1BF /* BWMainViewController.xib */,
				DC5296E3180E214E0002E1BF /* BWFlipsideViewController.xib */,
				DC5296D7180E214E0002E1BF /* iStep.xcdatamodeld */,
				DC5296C6180E214E0002E1BF /* Supporting Files */,
			);
			path = iStep;
			sourceTree = "<group>";
		};
		DC5296C6180E214E0002E1BF /* Supporting Files */ = {
			isa = PBXGroup;
			children = (
				DC5296C7180E214E0002E1BF /* iStep-Info.plist */,
				DC5296C8180E214E0002E1BF /* InfoPlist.strings */,
				DC5296CB180E214E0002E1BF /* main.m */,
				DC5296CD180E214E0002E1BF /* iStep-Prefix.pch */,
				DC5296D1180E214E0002E1BF /* Default.png */,
				DC5296D3180E214E0002E1BF /* Default@2x.png */,
				DC5296D5180E214E0002E1BF /* Default-568h@2x.png */,
			);
			name = "Supporting Files";
			sourceTree = "<group>";
		};
		DC5296F3180E214E0002E1BF /* iStepTests */ = {
			isa = PBXGroup;
			children = (
				DC5296F9180E214E0002E1BF /* iStepTests.h */,
				DC5296FA180E214E0002E1BF /* iStepTests.m */,
				DC5296F4180E214E0002E1BF /* Supporting Files */,
			);
			path = iStepTests;
			sourceTree = "<group>";
		};
		DC5296F4180E214E0002E1BF /* Supporting Files */ = {
			isa = PBXGroup;
			children = (
				DC5296F5180E214E0002E1BF /* iStepTests-Info.plist */,
				DC5296F6180E214E0002E1BF /* InfoPlist.strings */,
			);
			name = "Supporting Files";
			sourceTree = "<group>";
		};
/* End PBXGroup section */

/* Begin PBXNativeTarget section */
		DC5296B9180E214E0002E1BF /* iStep */ = {
			isa = PBXNativeTarget;
			buildConfigurationList = DC5296FE180E214E0002E1BF /* Build configuration list for PBXNativeTarget "iStep" */;
			buildPhases = (
				DC5296B6180E214E0002E1BF /* Sources */,
				DC5296B7180E214E0002E1BF /* Frameworks */,
				DC5296B8180E214E0002E1BF /* Resources */,
			);
			buildRules = (
			);
			dependencies = (
			);
			name = iStep;
			productName = iStep;
			productReference = DC5296BA180E214E0002E1BF /* iStep.app */;
			productType = "com.apple.product-type.application";
		};
		DC5296EA180E214E0002E1BF /* iStepTests */ = {
			isa = PBXNativeTarget;
			buildConfigurationList = DC529701180E214E0002E1BF /* Build configuration list for PBXNativeTarget "iStepTests" */;
			buildPhases = (
				DC5296E6180E214E0002E1BF /* Sources */,
				DC5296E7180E214E0002E1BF /* Frameworks */,
				DC5296E8180E214E0002E1BF /* Resources */,
				DC5296E9180E214E0002E1BF /* ShellScript */,
			);
			buildRules = (
			);
			dependencies = (
				DC5296F2180E214E0002E1BF /* PBXTargetDependency */,
			);
			name = iStepTests;
			productName = iStepTests;
			productReference = DC5296EB180E214E0002E1BF /* iStepTests.octest */;
			productType = "com.apple.product-type.bundle";
		};
/* End PBXNativeTarget section */

/* Begin PBXProject section */
		DC5296B2180E214E0002E1BF /* Project object */ = {
			isa = PBXProject;
			attributes = {
				CLASSPREFIX = BW;
				LastUpgradeCheck = 0460;
				ORGANIZATIONNAME = steven.zhuang;
			};
			buildConfigurationList = DC5296B5180E214E0002E1BF /* Build configuration list for PBXProject "iStep" */;
			compatibilityVersion = "Xcode 3.2";
			developmentRegion = English;
			hasScannedForEncodings = 0;
			knownRegions = (
				en,
			);
			mainGroup = DC5296B1180E214E0002E1BF;
			productRefGroup = DC5296BB180E214E0002E1BF /* Products */;
			projectDirPath = "";
			projectRoot = "";
			targets = (
				DC5296B9180E214E0002E1BF /* iStep */,
				DC5296EA180E214E0002E1BF /* iStepTests */,
			);
		};
/* End PBXProject section */

/* Begin PBXResourcesBuildPhase section */
		DC5296B8180E214E0002E1BF /* Resources */ = {
			isa = PBXResourcesBuildPhase;
			buildActionMask = 2147483647;
			files = (
				DC5296CA180E214E0002E1BF /* InfoPlist.strings in Resources */,
				DC5296D2180E214E0002E1BF /* Default.png in Resources */,
				DC5296D4180E214E0002E1BF /* Default@2x.png in Resources */,
				DC5296D6180E214E0002E1BF /* Default-568h@2x.png in Resources */,
				DC5296E2180E214E0002E1BF /* BWMainViewController.xib in Resources */,
				DC5296E5180E214E0002E1BF /* BWFlipsideViewController.xib in Resources */,
			);
			runOnlyForDeploymentPostprocessing = 0;
		};
		DC5296E8180E214E0002E1BF /* Resources */ = {
			isa = PBXResourcesBuildPhase;
			buildActionMask = 2147483647;
			files = (
				DC5296F8180E214E0002E1BF /* InfoPlist.strings in Resources */,
			);
			runOnlyForDeploymentPostprocessing = 0;
		};
/* End PBXResourcesBuildPhase section */

/* Begin PBXShellScriptBuildPhase section */
		DC5296E9180E214E0002E1BF /* ShellScript */ = {
			isa = PBXShellScriptBuildPhase;
			buildActionMask = 2147483647;
			files = (
			);
			inputPaths = (
			);
			outputPaths = (
			);
			runOnlyForDeploymentPostprocessing = 0;
			shellPath = /bin/sh;
			shellScript = "# Run the unit tests in this test bundle.\n\"${SYSTEM_DEVELOPER_DIR}/Tools/RunUnitTests\"\n";
		};
/* End PBXShellScriptBuildPhase section */

/* Begin PBXSourcesBuildPhase section */
		DC5296B6180E214E0002E1BF /* Sources */ = {
			isa = PBXSourcesBuildPhase;
			buildActionMask = 2147483647;
			files = (
				DC5296CC180E214E0002E1BF /* main.m in Sources */,
				DC5296D0180E214E0002E1BF /* BWAppDelegate.m in Sources */,
				DC5296D9180E214E0002E1BF /* iStep.xcdatamodeld in Sources */,
				DC5296DC180E214E0002E1BF /* BWMainViewController.m in Sources */,
				DC5296DF180E214E0002E1BF /* BWFlipsideViewController.m in Sources */,
			);
			runOnlyForDeploymentPostprocessing = 0;
		};
		DC5296E6180E214E0002E1BF /* Sources */ = {
			isa = PBXSourcesBuildPhase;
			buildActionMask = 2147483647;
			files = (
				DC5296FB180E214E0002E1BF /* iStepTests.m in Sources */,
			);
			runOnlyForDeploymentPostprocessing = 0;
		};
/* End PBXSourcesBuildPhase section */

/* Begin PBXTargetDependency section */
		DC5296F2180E214E0002E1BF /* PBXTargetDependency */ = {
			isa = PBXTargetDependency;
			target = DC5296B9180E214E0002E1BF /* iStep */;
			targetProxy = DC5296F1180E214E0002E1BF /* PBXContainerItemProxy */;
		};
/* End PBXTargetDependency section */

/* Begin PBXVariantGroup section */
		DC5296C8180E214E0002E1BF /* InfoPlist.strings */ = {
			isa = PBXVariantGroup;
			children = (
				DC5296C9180E214E0002E1BF /* en */,
			);
			name = InfoPlist.strings;
			sourceTree = "<group>";
		};
		DC5296E0180E214E0002E1BF /* BWMainViewController.xib */ = {
			isa = PBXVariantGroup;
			children = (
				DC5296E1180E214E0002E1BF /* en */,
			);
			name = BWMainViewController.xib;
			sourceTree = "<group>";
		};
		DC5296E3180E214E0002E1BF /* BWFlipsideViewController.xib */ = {
			isa = PBXVariantGroup;
			children = (
				DC5296E4180E214E0002E1BF /* en */,
			);
			name = BWFlipsideViewController.xib;
			sourceTree = "<group>";
		};
		DC5296F6180E214E0002E1BF /* InfoPlist.strings */ = {
			isa = PBXVariantGroup;
			children = (
				DC5296F7180E214E0002E1BF /* en */,
			);
			name = InfoPlist.strings;
			sourceTree = "<group>";
		};
/* End PBXVariantGroup section */

/* Begin XCBuildConfiguration section */
		DC5296FC180E214E0002E1BF /* Debug */ = {
			isa = XCBuildConfiguration;
			buildSettings = {
				ALWAYS_SEARCH_USER_PATHS = NO;
				CLANG_CXX_LANGUAGE_STANDARD = "gnu++0x";
				CLANG_CXX_LIBRARY = "libc++";
				CLANG_ENABLE_OBJC_ARC = YES;
				CLANG_WARN_CONSTANT_CONVERSION = YES;
				CLANG_WARN_EMPTY_BODY = YES;
				CLANG_WARN_ENUM_CONVERSION = YES;
				CLANG_WARN_INT_CONVERSION = YES;
				CLANG_WARN__DUPLICATE_METHOD_MATCH = YES;
				"CODE_SIGN_IDENTITY[sdk=iphoneos*]" = "iPhone Developer";
				COPY_PHASE_STRIP = NO;
				GCC_C_LANGUAGE_STANDARD = gnu99;
				GCC_DYNAMIC_NO_PIC = NO;
				GCC_OPTIMIZATION_LEVEL = 0;
				GCC_PREPROCESSOR_DEFINITIONS = (
					"DEBUG=1",
					"$(inherited)",
				);
				GCC_SYMBOLS_PRIVATE_EXTERN = NO;
				GCC_WARN_ABOUT_RETURN_TYPE = YES;
				GCC_WARN_UNINITIALIZED_AUTOS = YES;
				GCC_WARN_UNUSED_VARIABLE = YES;
				IPHONEOS_DEPLOYMENT_TARGET = 6.1;
				ONLY_ACTIVE_ARCH = YES;
				SDKROOT = iphoneos;
				TARGETED_DEVICE_FAMILY = 2;
			};
			name = Debug;
		};
		DC5296FD180E214E0002E1BF /* Release */ = {
			isa = XCBuildConfiguration;
			buildSettings = {
				ALWAYS_SEARCH_USER_PATHS = NO;
				CLANG_CXX_LANGUAGE_STANDARD = "gnu++0x";
				CLANG_CXX_LIBRARY = "libc++";
				CLANG_ENABLE_OBJC_ARC = YES;
				CLANG_WARN_CONSTANT_CONVERSION = YES;
				CLANG_WARN_EMPTY_BODY = YES;
				CLANG_WARN_ENUM_CONVERSION = YES;
				CLANG_WARN_INT_CONVERSION = YES;
				CLANG_WARN__DUPLICATE_METHOD_MATCH = YES;
				"CODE_SIGN_IDENTITY[sdk=iphoneos*]" = "iPhone Developer";
				COPY_PHASE_STRIP = YES;
				GCC_C_LANGUAGE_STANDARD = gnu99;
				GCC_WARN_ABOUT_RETURN_TYPE = YES;
				GCC_WARN_UNINITIALIZED_AUTOS = YES;
				GCC_WARN_UNUSED_VARIABLE = YES;
				IPHONEOS_DEPLOYMENT_TARGET = 6.1;
				OTHER_CFLAGS = "-DNS_BLOCK_ASSERTIONS=1";
				SDKROOT = iphoneos;
				TARGETED_DEVICE_FAMILY = 2;
				VALIDATE_PRODUCT = YES;
			};
			name = Release;
		};
		DC5296FF180E214E0002E1BF /* Debug */ = {
			isa = XCBuildConfiguration;
			buildSettings = {
				GCC_PRECOMPILE_PREFIX_HEADER = YES;
				GCC_PREFIX_HEADER = "iStep/iStep-Prefix.pch";
				INFOPLIST_FILE = "iStep/iStep-Info.plist";
				PRODUCT_NAME = "$(TARGET_NAME)";
				WRAPPER_EXTENSION = app;
			};
			name = Debug;
		};
		DC529700180E214E0002E1BF /* Release */ = {
			isa = XCBuildConfiguration;
			buildSettings = {
				GCC_PRECOMPILE_PREFIX_HEADER = YES;
				GCC_PREFIX_HEADER = "iStep/iStep-Prefix.pch";
				INFOPLIST_FILE = "iStep/iStep-Info.plist";
				PRODUCT_NAME = "$(TARGET_NAME)";
				WRAPPER_EXTENSION = app;
			};
			name = Release;
		};
		DC529702180E214E0002E1BF /* Debug */ = {
			isa = XCBuildConfiguration;
			buildSettings = {
				BUNDLE_LOADER = "$(BUILT_PRODUCTS_DIR)/iStep.app/iStep";
				FRAMEWORK_SEARCH_PATHS = (
					"\"$(SDKROOT)/Developer/Library/Frameworks\"",
					"\"$(DEVELOPER_LIBRARY_DIR)/Frameworks\"",
				);
				GCC_PRECOMPILE_PREFIX_HEADER = YES;
				GCC_PREFIX_HEADER = "iStep/iStep-Prefix.pch";
				INFOPLIST_FILE = "iStepTests/iStepTests-Info.plist";
				PRODUCT_NAME = "$(TARGET_NAME)";
				TEST_HOST = "$(BUNDLE_LOADER)";
				WRAPPER_EXTENSION = octest;
			};
			name = Debug;
		};
		DC529703180E214E0002E1BF /* Release */ = {
			isa = XCBuildConfiguration;
			buildSettings = {
				BUNDLE_LOADER = "$(BUILT_PRODUCTS_DIR)/iStep.app/iStep";
				FRAMEWORK_SEARCH_PATHS = (
					"\"$(SDKROOT)/Developer/Library/Frameworks\"",
					"\"$(DEVELOPER_LIBRARY_DIR)/Frameworks\"",
				);
				GCC_PRECOMPILE_PREFIX_HEADER = YES;
				GCC_PREFIX_HEADER = "iStep/iStep-Prefix.pch";
				INFOPLIST_FILE = "iStepTests/iStepTests-Info.plist";
				PRODUCT_NAME = "$(TARGET_NAME)";
				TEST_HOST = "$(BUNDLE_LOADER)";
				WRAPPER_EXTENSION = octest;
			};
			name = Release;
		};
/* End XCBuildConfiguration section */

/* Begin XCConfigurationList section */
		DC5296B5180E214E0002E1BF /* Build configuration list for PBXProject "iStep" */ = {
			isa = XCConfigurationList;
			buildConfigurations = (
				DC5296FC180E214E0002E1BF /* Debug */,
				DC5296FD180E214E0002E1BF /* Release */,
			);
			defaultConfigurationIsVisible = 0;
			defaultConfigurationName = Release;
		};
		DC5296FE180E214E0002E1BF /* Build configuration list for PBXNativeTarget "iStep" */ = {
			isa = XCConfigurationList;
			buildConfigurations = (
				DC5296FF180E214E0002E1BF /* Debug */,
				DC529700180E214E0002E1BF /* Release */,
			);
			defaultConfigurationIsVisible = 0;
		};
		DC529701180E214E0002E1BF /* Build configuration list for PBXNativeTarget "iStepTests" */ = {
			isa = XCConfigurationList;
			buildConfigurations = (
				DC529702180E214E0002E1BF /* Debug */,
				DC529703180E214E0002E1BF /* Release */,
			);
			defaultConfigurationIsVisible = 0;
		};
/* End XCConfigurationList section */

/* Begin XCVersionGroup section */
		DC5296D7180E214E0002E1BF /* iStep.xcdatamodeld */ = {
			isa = XCVersionGroup;
			children = (
				DC5296D8180E214E0002E1BF /* iStep.xcdatamodel */,
			);
			currentVersion = DC5296D8180E214E0002E1BF /* iStep.xcdatamodel */;
			path = iStep.xcdatamodeld;
			sourceTree = "<group>";
			versionGroupType = wrapper.xcdatamodel;
		};
/* End XCVersionGroup section */
	};
	rootObject = DC5296B2180E214E0002E1BF /* Project object */;
}
